
Microsoft Visual Studio Solution File, Format Version 12.00
# Visual Studio Version 17
VisualStudioVersion = 17.9.34622.214
MinimumVisualStudioVersion = 10.0.40219.1
Project("{FAE04EC0-301F-11D3-BF4B-00C04F79EFBC}") = "SistemaInventario", "SistemaInventario\SistemaInventario.csproj", "{896F2081-0838-47F8-828C-B1FABC1FDFB6}"
EndProject
Global
	GlobalSection(SolutionConfigurationPlatforms) = preSolution
		Debug|Any CPU = Debug|Any CPU
		Release|Any CPU = Release|Any CPU
	EndGlobalSection
	GlobalSection(ProjectConfigurationPlatforms) = postSolution
		{896F2081-0838-47F8-828C-B1FABC1FDFB6}.Debug|Any CPU.ActiveCfg = Debug|Any CPU
		{896F2081-0838-47F8-828C-B1FABC1FDFB6}.Debug|Any CPU.Build.0 = Debug|Any CPU
		{896F2081-0838-47F8-828C-B1FABC1FDFB6}.Release|Any CPU.ActiveCfg = Release|Any CPU
		{896F2081-0838-47F8-828C-B1FABC1FDFB6}.Release|Any CPU.Build.0 = Release|Any CPU
	EndGlobalSection
	GlobalSection(SolutionProperties) = preSolution
		HideSolutionNode = FALSE
	EndGlobalSection
	GlobalSection(ExtensibilityGlobals) = postSolution
		SolutionGuid = {F7B20D7C-4010-4948-9462-348F0E2BE6F1}
	EndGlobalSection
EndGlobal
